// !$*UTF8*$!
{
	archiveVersion = 1;
	classes = {
	};
	objectVersion = 50;
	objects = {

/* Begin PBXBuildFile section */
		BE6CDE8723D0E96900E29F69 /* Price.swift in Sources */ = {isa = PBXBuildFile; fileRef = BE6CDE8623D0E96900E29F69 /* Price.swift */; };
		BE7CF19423CFAA3B00838E5C /* AppDelegate.swift in Sources */ = {isa = PBXBuildFile; fileRef = BE7CF19323CFAA3B00838E5C /* AppDelegate.swift */; };
		BE7CF19623CFAA3B00838E5C /* SceneDelegate.swift in Sources */ = {isa = PBXBuildFile; fileRef = BE7CF19523CFAA3B00838E5C /* SceneDelegate.swift */; };
		BE7CF19823CFAA3B00838E5C /* ViewController.swift in Sources */ = {isa = PBXBuildFile; fileRef = BE7CF19723CFAA3B00838E5C /* ViewController.swift */; };
		BE7CF19B23CFAA3B00838E5C /* Main.storyboard in Resources */ = {isa = PBXBuildFile; fileRef = BE7CF19923CFAA3B00838E5C /* Main.storyboard */; };
		BE7CF19E23CFAA3B00838E5C /* CoreDataTest.xcdatamodeld in Sources */ = {isa = PBXBuildFile; fileRef = BE7CF19C23CFAA3B00838E5C /* CoreDataTest.xcdatamodeld */; };
		BE7CF1A023CFAA3E00838E5C /* Assets.xcassets in Resources */ = {isa = PBXBuildFile; fileRef = BE7CF19F23CFAA3E00838E5C /* Assets.xcassets */; };
		BE7CF1A323CFAA3E00838E5C /* LaunchScreen.storyboard in Resources */ = {isa = PBXBuildFile; fileRef = BE7CF1A123CFAA3E00838E5C /* LaunchScreen.storyboard */; };
		BE7CF1AB23CFADEF00838E5C /* BitcoinDataManager.swift in Sources */ = {isa = PBXBuildFile; fileRef = BE7CF1AA23CFADEF00838E5C /* BitcoinDataManager.swift */; };
/* End PBXBuildFile section */

/* Begin PBXFileReference section */
		BE6CDE8623D0E96900E29F69 /* Price.swift */ = {isa = PBXFileReference; lastKnownFileType = sourcecode.swift; path = Price.swift; sourceTree = "<group>"; };
		BE7CF19023CFAA3B00838E5C /* CoreDataTest.app */ = {isa = PBXFileReference; explicitFileType = wrapper.application; includeInIndex = 0; path = CoreDataTest.app; sourceTree = BUILT_PRODUCTS_DIR; };
		BE7CF19323CFAA3B00838E5C /* AppDelegate.swift */ = {isa = PBXFileReference; lastKnownFileType = sourcecode.swift; path = AppDelegate.swift; sourceTree = "<group>"; };
		BE7CF19523CFAA3B00838E5C /* SceneDelegate.swift */ = {isa = PBXFileReference; lastKnownFileType = sourcecode.swift; path = SceneDelegate.swift; sourceTree = "<group>"; };
		BE7CF19723CFAA3B00838E5C /* ViewController.swift */ = {isa = PBXFileReference; lastKnownFileType = sourcecode.swift; path = ViewController.swift; sourceTree = "<group>"; };
		BE7CF19A23CFAA3B00838E5C /* Base */ = {isa = PBXFileReference; lastKnownFileType = file.storyboard; name = Base; path = Base.lproj/Main.storyboard; sourceTree = "<group>"; };
		BE7CF19D23CFAA3B00838E5C /* CoreDataTest.xcdatamodel */ = {isa = PBXFileReference; lastKnownFileType = wrapper.xcdatamodel; path = CoreDataTest.xcdatamodel; sourceTree = "<group>"; };
		BE7CF19F23CFAA3E00838E5C /* Assets.xcassets */ = {isa = PBXFileReference; lastKnownFileType = folder.assetcatalog; path = Assets.xcassets; sourceTree = "<group>"; };
		BE7CF1A223CFAA3E00838E5C /* Base */ = {isa = PBXFileReference; lastKnownFileType = file.storyboard; name = Base; path = Base.lproj/LaunchScreen.storyboard; sourceTree = "<group>"; };
		BE7CF1A423CFAA3E00838E5C /* Info.plist */ = {isa = PBXFileReference; lastKnownFileType = text.plist.xml; path = Info.plist; sourceTree = "<group>"; };
		BE7CF1AA23CFADEF00838E5C /* BitcoinDataManager.swift */ = {isa = PBXFileReference; lastKnownFileType = sourcecode.swift; path = BitcoinDataManager.swift; sourceTree = "<group>"; };
/* End PBXFileReference section */

/* Begin PBXFrameworksBuildPhase section */
		BE7CF18D23CFAA3B00838E5C /* Frameworks */ = {
			isa = PBXFrameworksBuildPhase;
			buildActionMask = 2147483647;
			files = (
			);
			runOnlyForDeploymentPostprocessing = 0;
		};
/* End PBXFrameworksBuildPhase section */

/* Begin PBXGroup section */
		BE7CF18723CFAA3B00838E5C = {
			isa = PBXGroup;
			children = (
				BE7CF19223CFAA3B00838E5C /* CoreDataTest */,
				BE7CF19123CFAA3B00838E5C /* Products */,
			);
			sourceTree = "<group>";
		};
		BE7CF19123CFAA3B00838E5C /* Products */ = {
			isa = PBXGroup;
			children = (
				BE7CF19023CFAA3B00838E5C /* CoreDataTest.app */,
			);
			name = Products;
			sourceTree = "<group>";
		};
		BE7CF19223CFAA3B00838E5C /* CoreDataTest */ = {
			isa = PBXGroup;
			children = (
				BE7CF1AE23D067F600838E5C /* DataModel */,
				BE7CF1AD23D067E400838E5C /* Views */,
				BE7CF1AC23D067D200838E5C /* Controllers */,
				BE7CF19323CFAA3B00838E5C /* AppDelegate.swift */,
				BE7CF19523CFAA3B00838E5C /* SceneDelegate.swift */,
				BE7CF19F23CFAA3E00838E5C /* Assets.xcassets */,
				BE7CF1A123CFAA3E00838E5C /* LaunchScreen.storyboard */,
				BE7CF1A423CFAA3E00838E5C /* Info.plist */,
			);
			path = CoreDataTest;
			sourceTree = "<group>";
		};
		BE7CF1AC23D067D200838E5C /* Controllers */ = {
			isa = PBXGroup;
			children = (
				BE7CF19723CFAA3B00838E5C /* ViewController.swift */,
			);
			path = Controllers;
			sourceTree = "<group>";
		};
		BE7CF1AD23D067E400838E5C /* Views */ = {
			isa = PBXGroup;
			children = (
				BE7CF19923CFAA3B00838E5C /* Main.storyboard */,
			);
			path = Views;
			sourceTree = "<group>";
		};
		BE7CF1AE23D067F600838E5C /* DataModel */ = {
			isa = PBXGroup;
			children = (
				BE7CF1AA23CFADEF00838E5C /* BitcoinDataManager.swift */,
				BE7CF19C23CFAA3B00838E5C /* CoreDataTest.xcdatamodeld */,
				BE6CDE8623D0E96900E29F69 /* Price.swift */,
			);
			path = DataModel;
			sourceTree = "<group>";
		};
/* End PBXGroup section */

/* Begin PBXNativeTarget section */
		BE7CF18F23CFAA3B00838E5C /* CoreDataTest */ = {
			isa = PBXNativeTarget;
			buildConfigurationList = BE7CF1A723CFAA3E00838E5C /* Build configuration list for PBXNativeTarget "CoreDataTest" */;
			buildPhases = (
				BE7CF18C23CFAA3B00838E5C /* Sources */,
				BE7CF18D23CFAA3B00838E5C /* Frameworks */,
				BE7CF18E23CFAA3B00838E5C /* Resources */,
			);
			buildRules = (
			);
			dependencies = (
			);
			name = CoreDataTest;
			productName = CoreDataTest;
			productReference = BE7CF19023CFAA3B00838E5C /* CoreDataTest.app */;
			productType = "com.apple.product-type.application";
		};
/* End PBXNativeTarget section */

/* Begin PBXProject section */
		BE7CF18823CFAA3B00838E5C /* Project object */ = {
			isa = PBXProject;
			attributes = {
				LastSwiftUpdateCheck = 1130;
				LastUpgradeCheck = 1130;
				ORGANIZATIONNAME = "Manuel Carvalho";
				TargetAttributes = {
					BE7CF18F23CFAA3B00838E5C = {
						CreatedOnToolsVersion = 11.3.1;
					};
				};
			};
			buildConfigurationList = BE7CF18B23CFAA3B00838E5C /* Build configuration list for PBXProject "CoreDataTest" */;
			compatibilityVersion = "Xcode 9.3";
			developmentRegion = en;
			hasScannedForEncodings = 0;
			knownRegions = (
				en,
				Base,
			);
			mainGroup = BE7CF18723CFAA3B00838E5C;
			productRefGroup = BE7CF19123CFAA3B00838E5C /* Products */;
			projectDirPath = "";
			projectRoot = "";
			targets = (
				BE7CF18F23CFAA3B00838E5C /* CoreDataTest */,
			);
		};
/* End PBXProject section */

/* Begin PBXResourcesBuildPhase section */
		BE7CF18E23CFAA3B00838E5C /* Resources */ = {
			isa = PBXResourcesBuildPhase;
			buildActionMask = 2147483647;
			files = (
				BE7CF1A323CFAA3E00838E5C /* LaunchScreen.storyboard in Resources */,
				BE7CF1A023CFAA3E00838E5C /* Assets.xcassets in Resources */,
				BE7CF19B23CFAA3B00838E5C /* Main.storyboard in Resources */,
			);
			runOnlyForDeploymentPostprocessing = 0;
		};
/* End PBXResourcesBuildPhase section */

/* Begin PBXSourcesBuildPhase section */
		BE7CF18C23CFAA3B00838E5C /* Sources */ = {
			isa = PBXSourcesBuildPhase;
			buildActionMask = 2147483647;
			files = (
				BE7CF19E23CFAA3B00838E5C /* CoreDataTest.xcdatamodeld in Sources */,
				BE7CF19823CFAA3B00838E5C /* ViewController.swift in Sources */,
				BE7CF19423CFAA3B00838E5C /* AppDelegate.swift in Sources */,
				BE7CF19623CFAA3B00838E5C /* SceneDelegate.swift in Sources */,
				BE7CF1AB23CFADEF00838E5C /* BitcoinDataManager.swift in Sources */,
				BE6CDE8723D0E96900E29F69 /* Price.swift in Sources */,
			);
			runOnlyForDeploymentPostprocessing = 0;
		};
/* End PBXSourcesBuildPhase section */

/* Begin PBXVariantGroup section */
		BE7CF19923CFAA3B00838E5C /* Main.storyboard */ = {
			isa = PBXVariantGroup;
			children = (
				BE7CF19A23CFAA3B00838E5C /* Base */,
			);
			name = Main.storyboard;
			sourceTree = "<group>";
		};
		BE7CF1A123CFAA3E00838E5C /* LaunchScreen.storyboard */ = {
			isa = PBXVariantGroup;
			children = (
				BE7CF1A223CFAA3E00838E5C /* Base */,
			);
			name = LaunchScreen.storyboard;
			sourceTree = "<group>";
		};
/* End PBXVariantGroup section */

/* Begin XCBuildConfiguration section */
		BE7CF1A523CFAA3E00838E5C /* Debug */ = {
			isa = XCBuildConfiguration;
			buildSettings = {
				ALWAYS_SEARCH_USER_PATHS = NO;
				CLANG_ANALYZER_NONNULL = YES;
				CLANG_ANALYZER_NUMBER_OBJECT_CONVERSION = YES_AGGRESSIVE;
				CLANG_CXX_LANGUAGE_STANDARD = "gnu++14";
				CLANG_CXX_LIBRARY = "libc++";
				CLANG_ENABLE_MODULES = YES;
				CLANG_ENABLE_OBJC_ARC = YES;
				CLANG_ENABLE_OBJC_WEAK = YES;
				CLANG_WARN_BLOCK_CAPTURE_AUTORELEASING = YES;
				CLANG_WARN_BOOL_CONVERSION = YES;
				CLANG_WARN_COMMA = YES;
				CLANG_WARN_CONSTANT_CONVERSION = YES;
				CLANG_WARN_DEPRECATED_OBJC_IMPLEMENTATIONS = YES;
				CLANG_WARN_DIRECT_OBJC_ISA_USAGE = YES_ERROR;
				CLANG_WARN_DOCUMENTATION_COMMENTS = YES;
				CLANG_WARN_EMPTY_BODY = YES;
				CLANG_WARN_ENUM_CONVERSION = YES;
				CLANG_WARN_INFINITE_RECURSION = YES;
				CLANG_WARN_INT_CONVERSION = YES;
				CLANG_WARN_NON_LITERAL_NULL_CONVERSION = YES;
				CLANG_WARN_OBJC_IMPLICIT_RETAIN_SELF = YES;
				CLANG_WARN_OBJC_LITERAL_CONVERSION = YES;
				CLANG_WARN_OBJC_ROOT_CLASS = YES_ERROR;
				CLANG_WARN_RANGE_LOOP_ANALYSIS = YES;
				CLANG_WARN_STRICT_PROTOTYPES = YES;
				CLANG_WARN_SUSPICIOUS_MOVE = YES;
				CLANG_WARN_UNGUARDED_AVAILABILITY = YES_AGGRESSIVE;
				CLANG_WARN_UNREACHABLE_CODE = YES;
				CLANG_WARN__DUPLICATE_METHOD_MATCH = YES;
				COPY_PHASE_STRIP = NO;
				DEBUG_INFORMATION_FORMAT = dwarf;
				ENABLE_STRICT_OBJC_MSGSEND = YES;
				ENABLE_TESTABILITY = YES;
				GCC_C_LANGUAGE_STANDARD = gnu11;
				GCC_DYNAMIC_NO_PIC = NO;
				GCC_NO_COMMON_BLOCKS = YES;
				GCC_OPTIMIZATION_LEVEL = 0;
				GCC_PREPROCESSOR_DEFINITIONS = (
					"DEBUG=1",
					"$(inherited)",
				);
				GCC_WARN_64_TO_32_BIT_CONVERSION = YES;
				GCC_WARN_ABOUT_RETURN_TYPE = YES_ERROR;
				GCC_WARN_UNDECLARED_SELECTOR = YES;
				GCC_WARN_UNINITIALIZED_AUTOS = YES_AGGRESSIVE;
				GCC_WARN_UNUSED_FUNCTION = YES;
				GCC_WARN_UNUSED_VARIABLE = YES;
				IPHONEOS_DEPLOYMENT_TARGET = 13.2;
				MTL_ENABLE_DEBUG_INFO = INCLUDE_SOURCE;
				MTL_FAST_MATH = YES;
				ONLY_ACTIVE_ARCH = YES;
				SDKROOT = iphoneos;
				SWIFT_ACTIVE_COMPILATION_CONDITIONS = DEBUG;
				SWIFT_OPTIMIZATION_LEVEL = "-Onone";
			};
			name = Debug;
		};
		BE7CF1A623CFAA3E00838E5C /* Release */ = {
			isa = XCBuildConfiguration;
			buildSettings = {
				ALWAYS_SEARCH_USER_PATHS = NO;
				CLANG_ANALYZER_NONNULL = YES;
				CLANG_ANALYZER_NUMBER_OBJECT_CONVERSION = YES_AGGRESSIVE;
				CLANG_CXX_LANGUAGE_STANDARD = "gnu++14";
				CLANG_CXX_LIBRARY = "libc++";
				CLANG_ENABLE_MODULES = YES;
				CLANG_ENABLE_OBJC_ARC = YES;
				CLANG_ENABLE_OBJC_WEAK = YES;
				CLANG_WARN_BLOCK_CAPTURE_AUTORELEASING = YES;
				CLANG_WARN_BOOL_CONVERSION = YES;
				CLANG_WARN_COMMA = YES;
				CLANG_WARN_CONSTANT_CONVERSION = YES;
				CLANG_WARN_DEPRECATED_OBJC_IMPLEMENTATIONS = YES;
				CLANG_WARN_DIRECT_OBJC_ISA_USAGE = YES_ERROR;
				CLANG_WARN_DOCUMENTATION_COMMENTS = YES;
				CLANG_WARN_EMPTY_BODY = YES;
				CLANG_WARN_ENUM_CONVERSION = YES;
				CLANG_WARN_INFINITE_RECURSION = YES;
				CLANG_WARN_INT_CONVERSION = YES;
				CLANG_WARN_NON_LITERAL_NULL_CONVERSION = YES;
				CLANG_WARN_OBJC_IMPLICIT_RETAIN_SELF = YES;
				CLANG_WARN_OBJC_LITERAL_CONVERSION = YES;
				CLANG_WARN_OBJC_ROOT_CLASS = YES_ERROR;
				CLANG_WARN_RANGE_LOOP_ANALYSIS = YES;
				CLANG_WARN_STRICT_PROTOTYPES = YES;
				CLANG_WARN_SUSPICIOUS_MOVE = YES;
				CLANG_WARN_UNGUARDED_AVAILABILITY = YES_AGGRESSIVE;
				CLANG_WARN_UNREACHABLE_CODE = YES;
				CLANG_WARN__DUPLICATE_METHOD_MATCH = YES;
				COPY_PHASE_STRIP = NO;
				DEBUG_INFORMATION_FORMAT = "dwarf-with-dsym";
				ENABLE_NS_ASSERTIONS = NO;
				ENABLE_STRICT_OBJC_MSGSEND = YES;
				GCC_C_LANGUAGE_STANDARD = gnu11;
				GCC_NO_COMMON_BLOCKS = YES;
				GCC_WARN_64_TO_32_BIT_CONVERSION = YES;
				GCC_WARN_ABOUT_RETURN_TYPE = YES_ERROR;
				GCC_WARN_UNDECLARED_SELECTOR = YES;
				GCC_WARN_UNINITIALIZED_AUTOS = YES_AGGRESSIVE;
				GCC_WARN_UNUSED_FUNCTION = YES;
				GCC_WARN_UNUSED_VARIABLE = YES;
				IPHONEOS_DEPLOYMENT_TARGET = 13.2;
				MTL_ENABLE_DEBUG_INFO = NO;
				MTL_FAST_MATH = YES;
				SDKROOT = iphoneos;
				SWIFT_COMPILATION_MODE = wholemodule;
				SWIFT_OPTIMIZATION_LEVEL = "-O";
				VALIDATE_PRODUCT = YES;
			};
			name = Release;
		};
		BE7CF1A823CFAA3E00838E5C /* Debug */ = {
			isa = XCBuildConfiguration;
			buildSettings = {
				ASSETCATALOG_COMPILER_APPICON_NAME = AppIcon;
				CODE_SIGN_STYLE = Automatic;
				DEVELOPMENT_TEAM = UHTKY94VRM;
				INFOPLIST_FILE = CoreDataTest/Info.plist;
				LD_RUNPATH_SEARCH_PATHS = (
					"$(inherited)",
					"@executable_path/Frameworks",
				);
				PRODUCT_BUNDLE_IDENTIFIER = CasaAzul.CoreDataTest;
				PRODUCT_NAME = "$(TARGET_NAME)";
				SWIFT_VERSION = 5.0;
				TARGETED_DEVICE_FAMILY = 1;
			};
			name = Debug;
		};
		BE7CF1A923CFAA3E00838E5C /* Release */ = {
			isa = XCBuildConfiguration;
			buildSettings = {
				ASSETCATALOG_COMPILER_APPICON_NAME = AppIcon;
				CODE_SIGN_STYLE = Automatic;
				DEVELOPMENT_TEAM = UHTKY94VRM;
				INFOPLIST_FILE = CoreDataTest/Info.plist;
				LD_RUNPATH_SEARCH_PATHS = (
					"$(inherited)",
					"@executable_path/Frameworks",
				);
				PRODUCT_BUNDLE_IDENTIFIER = CasaAzul.CoreDataTest;
				PRODUCT_NAME = "$(TARGET_NAME)";
				SWIFT_VERSION = 5.0;
				TARGETED_DEVICE_FAMILY = 1;
			};
			name = Release;
		};
/* End XCBuildConfiguration section */

/* Begin XCConfigurationList section */
		BE7CF18B23CFAA3B00838E5C /* Build configuration list for PBXProject "CoreDataTest" */ = {
			isa = XCConfigurationList;
			buildConfigurations = (
				BE7CF1A523CFAA3E00838E5C /* Debug */,
				BE7CF1A623CFAA3E00838E5C /* Release */,
			);
			defaultConfigurationIsVisible = 0;
			defaultConfigurationName = Release;
		};
		BE7CF1A723CFAA3E00838E5C /* Build configuration list for PBXNativeTarget "CoreDataTest" */ = {
			isa = XCConfigurationList;
			buildConfigurations = (
				BE7CF1A823CFAA3E00838E5C /* Debug */,
				BE7CF1A923CFAA3E00838E5C /* Release */,
			);
			defaultConfigurationIsVisible = 0;
			defaultConfigurationName = Release;
		};
/* End XCConfigurationList section */

/* Begin XCVersionGroup section */
		BE7CF19C23CFAA3B00838E5C /* CoreDataTest.xcdatamodeld */ = {
			isa = XCVersionGroup;
			children = (
				BE7CF19D23CFAA3B00838E5C /* CoreDataTest.xcdatamodel */,
			);
			currentVersion = BE7CF19D23CFAA3B00838E5C /* CoreDataTest.xcdatamodel */;
			path = CoreDataTest.xcdatamodeld;
			sourceTree = "<group>";
			versionGroupType = wrapper.xcdatamodel;
		};
/* End XCVersionGroup section */
	};
	rootObject = BE7CF18823CFAA3B00838E5C /* Project object */;
}
